
Microsoft Visual Studio Solution File, Format Version 12.00
# Visual Studio Version 17
VisualStudioVersion = 17.3.32929.385
MinimumVisualStudioVersion = 10.0.40219.1
Project("{FAE04EC0-301F-11D3-BF4B-00C04F79EFBC}") = "API", "book-api\API.csproj", "{34D930BB-9CC3-4EB3-A8BB-BBE7A17D120E}"
EndProject
Project("{FAE04EC0-301F-11D3-BF4B-00C04F79EFBC}") = "BLL", "BLL\BLL.csproj", "{AF33BF13-66C6-453D-9245-1E313B7A51F9}"
EndProject
Project("{FAE04EC0-301F-11D3-BF4B-00C04F79EFBC}") = "DAL", "DAL\DAL.csproj", "{BAE22047-1E39-445E-A9E9-BED404CEE8F8}"
EndProject
Global
	GlobalSection(SolutionConfigurationPlatforms) = preSolution
		Debug|Any CPU = Debug|Any CPU
		Release|Any CPU = Release|Any CPU
	EndGlobalSection
	GlobalSection(ProjectConfigurationPlatforms) = postSolution
		{34D930BB-9CC3-4EB3-A8BB-BBE7A17D120E}.Debug|Any CPU.ActiveCfg = Debug|Any CPU
		{34D930BB-9CC3-4EB3-A8BB-BBE7A17D120E}.Debug|Any CPU.Build.0 = Debug|Any CPU
		{34D930BB-9CC3-4EB3-A8BB-BBE7A17D120E}.Release|Any CPU.ActiveCfg = Release|Any CPU
		{34D930BB-9CC3-4EB3-A8BB-BBE7A17D120E}.Release|Any CPU.Build.0 = Release|Any CPU
		{AF33BF13-66C6-453D-9245-1E313B7A51F9}.Debug|Any CPU.ActiveCfg = Debug|Any CPU
		{AF33BF13-66C6-453D-9245-1E313B7A51F9}.Debug|Any CPU.Build.0 = Debug|Any CPU
		{AF33BF13-66C6-453D-9245-1E313B7A51F9}.Release|Any CPU.ActiveCfg = Release|Any CPU
		{AF33BF13-66C6-453D-9245-1E313B7A51F9}.Release|Any CPU.Build.0 = Release|Any CPU
		{BAE22047-1E39-445E-A9E9-BED404CEE8F8}.Debug|Any CPU.ActiveCfg = Debug|Any CPU
		{BAE22047-1E39-445E-A9E9-BED404CEE8F8}.Debug|Any CPU.Build.0 = Debug|Any CPU
		{BAE22047-1E39-445E-A9E9-BED404CEE8F8}.Release|Any CPU.ActiveCfg = Release|Any CPU
		{BAE22047-1E39-445E-A9E9-BED404CEE8F8}.Release|Any CPU.Build.0 = Release|Any CPU
	EndGlobalSection
	GlobalSection(SolutionProperties) = preSolution
		HideSolutionNode = FALSE
	EndGlobalSection
	GlobalSection(ExtensibilityGlobals) = postSolution
		SolutionGuid = {5A6EB2D9-ADC9-4D12-8773-B49C0310FF6C}
	EndGlobalSection
EndGlobal
